
Microsoft Visual Studio Solution File, Format Version 12.00
# Visual Studio 2017
Project("{FAE04EC0-301F-11D3-BF4B-00C04F79EFBC}") = "UFD-15-EX1", "UFD-15-EX1.csproj", "{F4AD6423-46F5-9AAD-D3B3-08FEE6F629C9}"
EndProject
Global
	GlobalSection(SolutionConfigurationPlatforms) = preSolution
		Debug|Any CPU = Debug|Any CPU
		Release|Any CPU = Release|Any CPU
	EndGlobalSection
	GlobalSection(ProjectConfigurationPlatforms) = postSolution
		{F4AD6423-46F5-9AAD-D3B3-08FEE6F629C9}.Debug|Any CPU.ActiveCfg = Debug|Any CPU
		{F4AD6423-46F5-9AAD-D3B3-08FEE6F629C9}.Debug|Any CPU.Build.0 = Debug|Any CPU
		{F4AD6423-46F5-9AAD-D3B3-08FEE6F629C9}.Release|Any CPU.ActiveCfg = Release|Any CPU
		{F4AD6423-46F5-9AAD-D3B3-08FEE6F629C9}.Release|Any CPU.Build.0 = Release|Any CPU
	EndGlobalSection
	GlobalSection(SolutionProperties) = preSolution
		HideSolutionNode = FALSE
	EndGlobalSection
EndGlobal
